
Microsoft Visual Studio Solution File, Format Version 12.00
# Visual Studio Version 16
VisualStudioVersion = 16.0.32802.440
MinimumVisualStudioVersion = 10.0.40219.1
Project("{9A19103F-16F7-4668-BE54-9A1E7A4F7556}") = "Dr CC Khan", "Dr CC Khan.csproj", "{651E9E70-D98D-49A9-9EBD-7872D1B0680A}"
EndProject
Global
	GlobalSection(SolutionConfigurationPlatforms) = preSolution
		Debug|Any CPU = Debug|Any CPU
		Release|Any CPU = Release|Any CPU
	EndGlobalSection
	GlobalSection(ProjectConfigurationPlatforms) = postSolution
		{651E9E70-D98D-49A9-9EBD-7872D1B0680A}.Debug|Any CPU.ActiveCfg = Debug|Any CPU
		{651E9E70-D98D-49A9-9EBD-7872D1B0680A}.Debug|Any CPU.Build.0 = Debug|Any CPU
		{651E9E70-D98D-49A9-9EBD-7872D1B0680A}.Release|Any CPU.ActiveCfg = Release|Any CPU
		{651E9E70-D98D-49A9-9EBD-7872D1B0680A}.Release|Any CPU.Build.0 = Release|Any CPU
	EndGlobalSection
	GlobalSection(SolutionProperties) = preSolution
		HideSolutionNode = FALSE
	EndGlobalSection
	GlobalSection(ExtensibilityGlobals) = postSolution
		SolutionGuid = {275BFE9F-44E8-4B40-BCF3-B3A7BECFA323}
	EndGlobalSection
EndGlobal
